
Microsoft Visual Studio Solution File, Format Version 12.00
# Visual Studio Version 16
VisualStudioVersion = 16.0.29424.173
MinimumVisualStudioVersion = 10.0.40219.1
Project("{888888A0-9F3D-457C-B088-3A5042F75D52}") = "PyApp", "PyApp.pyproj", "{DD2821F3-2368-424D-8CD2-9F6725F0AED0}"
EndProject
Global
	GlobalSection(SolutionConfigurationPlatforms) = preSolution
		Debug|Any CPU = Debug|Any CPU
		Release|Any CPU = Release|Any CPU
	EndGlobalSection
	GlobalSection(ProjectConfigurationPlatforms) = postSolution
		{DD2821F3-2368-424D-8CD2-9F6725F0AED0}.Debug|Any CPU.ActiveCfg = Debug|Any CPU
		{DD2821F3-2368-424D-8CD2-9F6725F0AED0}.Release|Any CPU.ActiveCfg = Release|Any CPU
	EndGlobalSection
	GlobalSection(SolutionProperties) = preSolution
		HideSolutionNode = FALSE
	EndGlobalSection
	GlobalSection(ExtensibilityGlobals) = postSolution
		SolutionGuid = {2140A27E-1F25-4869-9B3E-ABBAB3538E09}
	EndGlobalSection
EndGlobal
